<?xml version="1.0" encoding="utf-8"?>
<Project ToolsVersion="4.0" xmlns="http://schemas.microsoft.com/developer/msbuild/2003">
  <ItemGroup>
    <Filter Include="Source Files">
      <UniqueIdentifier>{4FC737F1-C7A5-4376-A066-2A32D752A2FF}</UniqueIdentifier>
      <Extensions>cpp;c;cc;cxx;def;odl;idl;hpj;bat;asm;asmx</Extensions>
    </Filter>
    <Filter Include="Header Files">
      <UniqueIdentifier>{93995380-89BD-4b04-88EB-625FBE52EBFB}</UniqueIdentifier>
      <Extensions>h;hpp;hxx;hm;inl;inc;xsd</Extensions>
    </Filter>
    <Filter Include="Resource Files">
      <UniqueIdentifier>{67DA6AB6-F800-4c08-8B7A-83BB121AAD01}</UniqueIdentifier>
      <Extensions>rc;ico;cur;bmp;dlg;rc2;rct;bin;rgs;gif;jpg;jpeg;jpe;resx;tiff;tif;png;wav;mfcribbon-ms</Extensions>
    </Filter>
  </ItemGroup>
  <ItemGroup>
    <ClCompile Include="..\..\deps\SDL\src\SDL.c">
      <Filter>Source Files</Filter>
    </ClCompile>
    <ClCompile Include="..\..\deps\SDL\src\SDL_error.c">
      <Filter>Source Files</Filter>
    </ClCompile>
    <ClCompile Include="..\..\deps\SDL\src\SDL_fatal.c">
      <Filter>Source Files</Filter>
    </ClCompile>
    <ClCompile Include="..\..\deps\SDL\src\audio\SDL_audio.c">
      <Filter>Source Files</Filter>
    </ClCompile>
    <ClCompile Include="..\..\deps\SDL\src\audio\SDL_audiocvt.c">
      <Filter>Source Files</Filter>
    </ClCompile>
    <ClCompile Include="..\..\deps\SDL\src\audio\SDL_audiodev.c">
      <Filter>Source Files</Filter>
    </ClCompile>
    <ClCompile Include="..\..\deps\SDL\src\audio\SDL_mixer.c">
      <Filter>Source Files</Filter>
    </ClCompile>
    <ClCompile Include="..\..\deps\SDL\src\audio\SDL_mixer_m68k.c">
      <Filter>Source Files</Filter>
    </ClCompile>
    <ClCompile Include="..\..\deps\SDL\src\audio\SDL_mixer_MMX.c">
      <Filter>Source Files</Filter>
    </ClCompile>
    <ClCompile Include="..\..\deps\SDL\src\audio\SDL_mixer_MMX_VC.c">
      <Filter>Source Files</Filter>
    </ClCompile>
    <ClCompile Include="..\..\deps\SDL\src\audio\SDL_wave.c">
      <Filter>Source Files</Filter>
    </ClCompile>
    <ClCompile Include="..\..\deps\SDL\src\audio\windib\SDL_dibaudio.c">
      <Filter>Source Files</Filter>
    </ClCompile>
    <ClCompile Include="..\..\deps\SDL\src\audio\windx5\SDL_dx5audio.c">
      <Filter>Source Files</Filter>
    </ClCompile>
    <ClCompile Include="..\..\deps\SDL\src\cdrom\SDL_cdrom.c">
      <Filter>Source Files</Filter>
    </ClCompile>
    <ClCompile Include="..\..\deps\SDL\src\cdrom\win32\SDL_syscdrom.c">
      <Filter>Source Files</Filter>
    </ClCompile>
    <ClCompile Include="..\..\deps\SDL\src\cpuinfo\SDL_cpuinfo.c">
      <Filter>Source Files</Filter>
    </ClCompile>
    <ClCompile Include="..\..\deps\SDL\src\events\SDL_active.c">
      <Filter>Source Files</Filter>
    </ClCompile>
    <ClCompile Include="..\..\deps\SDL\src\events\SDL_events.c">
      <Filter>Source Files</Filter>
    </ClCompile>
    <ClCompile Include="..\..\deps\SDL\src\events\SDL_expose.c">
      <Filter>Source Files</Filter>
    </ClCompile>
    <ClCompile Include="..\..\deps\SDL\src\events\SDL_keyboard.c">
      <Filter>Source Files</Filter>
    </ClCompile>
    <ClCompile Include="..\..\deps\SDL\src\events\SDL_mouse.c">
      <Filter>Source Files</Filter>
    </ClCompile>
    <ClCompile Include="..\..\deps\SDL\src\events\SDL_quit.c">
      <Filter>Source Files</Filter>
    </ClCompile>
    <ClCompile Include="..\..\deps\SDL\src\events\SDL_resize.c">
      <Filter>Source Files</Filter>
    </ClCompile>
    <ClCompile Include="..\..\deps\SDL\src\file\SDL_rwops.c">
      <Filter>Source Files</Filter>
    </ClCompile>
    <ClCompile Include="..\..\deps\SDL\src\joystick\SDL_joystick.c">
      <Filter>Source Files</Filter>
    </ClCompile>
    <ClCompile Include="..\..\deps\SDL\src\joystick\win32\SDL_mmjoystick.c">
      <Filter>Source Files</Filter>
    </ClCompile>
    <ClCompile Include="..\..\deps\SDL\src\loadso\win32\SDL_sysloadso.c">
      <Filter>Source Files</Filter>
    </ClCompile>
    <ClCompile Include="..\..\deps\SDL\src\stdlib\SDL_getenv.c">
      <Filter>Source Files</Filter>
    </ClCompile>
    <ClCompile Include="..\..\deps\SDL\src\stdlib\SDL_iconv.c">
      <Filter>Source Files</Filter>
    </ClCompile>
    <ClCompile Include="..\..\deps\SDL\src\stdlib\SDL_malloc.c">
      <Filter>Source Files</Filter>
    </ClCompile>
    <ClCompile Include="..\..\deps\SDL\src\stdlib\SDL_qsort.c">
      <Filter>Source Files</Filter>
    </ClCompile>
    <ClCompile Include="..\..\deps\SDL\src\stdlib\SDL_stdlib.c">
      <Filter>Source Files</Filter>
    </ClCompile>
    <ClCompile Include="..\..\deps\SDL\src\stdlib\SDL_string.c">
      <Filter>Source Files</Filter>
    </ClCompile>
    <ClCompile Include="..\..\deps\SDL\src\thread\SDL_thread.c">
      <Filter>Source Files</Filter>
    </ClCompile>
    <ClCompile Include="..\..\deps\SDL\src\thread\win32\SDL_sysmutex.c">
      <Filter>Source Files</Filter>
    </ClCompile>
    <ClCompile Include="..\..\deps\SDL\src\thread\win32\SDL_syssem.c">
      <Filter>Source Files</Filter>
    </ClCompile>
    <ClCompile Include="..\..\deps\SDL\src\thread\win32\SDL_systhread.c">
      <Filter>Source Files</Filter>
    </ClCompile>
    <ClCompile Include="..\..\deps\SDL\src\timer\SDL_timer.c">
      <Filter>Source Files</Filter>
    </ClCompile>
    <ClCompile Include="..\..\deps\SDL\src\timer\win32\SDL_systimer.c">
      <Filter>Source Files</Filter>
    </ClCompile>
    <ClCompile Include="..\..\deps\SDL\src\video\SDL_blit.c">
      <Filter>Source Files</Filter>
    </ClCompile>
    <ClCompile Include="..\..\deps\SDL\src\video\SDL_blit_0.c">
      <Filter>Source Files</Filter>
    </ClCompile>
    <ClCompile Include="..\..\deps\SDL\src\video\SDL_blit_1.c">
      <Filter>Source Files</Filter>
    </ClCompile>
    <ClCompile Include="..\..\deps\SDL\src\video\SDL_blit_A.c">
      <Filter>Source Files</Filter>
    </ClCompile>
    <ClCompile Include="..\..\deps\SDL\src\video\SDL_blit_N.c">
      <Filter>Source Files</Filter>
    </ClCompile>
    <ClCompile Include="..\..\deps\SDL\src\video\SDL_bmp.c">
      <Filter>Source Files</Filter>
    </ClCompile>
    <ClCompile Include="..\..\deps\SDL\src\video\SDL_cursor.c">
      <Filter>Source Files</Filter>
    </ClCompile>
    <ClCompile Include="..\..\deps\SDL\src\video\SDL_gamma.c">
      <Filter>Source Files</Filter>
    </ClCompile>
    <ClCompile Include="..\..\deps\SDL\src\video\SDL_pixels.c">
      <Filter>Source Files</Filter>
    </ClCompile>
    <ClCompile Include="..\..\deps\SDL\src\video\SDL_RLEaccel.c">
      <Filter>Source Files</Filter>
    </ClCompile>
    <ClCompile Include="..\..\deps\SDL\src\video\SDL_stretch.c">
      <Filter>Source Files</Filter>
    </ClCompile>
    <ClCompile Include="..\..\deps\SDL\src\video\SDL_surface.c">
      <Filter>Source Files</Filter>
    </ClCompile>
    <ClCompile Include="..\..\deps\SDL\src\video\SDL_video.c">
      <Filter>Source Files</Filter>
    </ClCompile>
    <ClCompile Include="..\..\deps\SDL\src\video\SDL_yuv.c">
      <Filter>Source Files</Filter>
    </ClCompile>
    <ClCompile Include="..\..\deps\SDL\src\video\SDL_yuv_mmx.c">
      <Filter>Source Files</Filter>
    </ClCompile>
    <ClCompile Include="..\..\deps\SDL\src\video\SDL_yuv_sw.c">
      <Filter>Source Files</Filter>
    </ClCompile>
    <ClCompile Include="..\..\deps\SDL\src\video\dummy\SDL_nullevents.c">
      <Filter>Source Files</Filter>
    </ClCompile>
    <ClCompile Include="..\..\deps\SDL\src\video\dummy\SDL_nullmouse.c">
      <Filter>Source Files</Filter>
    </ClCompile>
    <ClCompile Include="..\..\deps\SDL\src\video\dummy\SDL_nullvideo.c">
      <Filter>Source Files</Filter>
    </ClCompile>
    <ClCompile Include="..\..\deps\SDL\src\video\windib\SDL_dibevents.c">
      <Filter>Source Files</Filter>
    </ClCompile>
    <ClCompile Include="..\..\deps\SDL\src\video\windib\SDL_dibvideo.c">
      <Filter>Source Files</Filter>
    </ClCompile>
    <ClCompile Include="..\..\deps\SDL\src\video\windx5\SDL_dx5events.c">
      <Filter>Source Files</Filter>
    </ClCompile>
    <ClCompile Include="..\..\deps\SDL\src\video\windx5\SDL_dx5video.c">
      <Filter>Source Files</Filter>
    </ClCompile>
    <ClCompile Include="..\..\deps\SDL\src\video\windx5\SDL_dx5yuv.c">
      <Filter>Source Files</Filter>
    </ClCompile>
    <ClCompile Include="..\..\deps\SDL\src\video\wincommon\SDL_sysevents.c">
      <Filter>Source Files</Filter>
    </ClCompile>
    <ClCompile Include="..\..\deps\SDL\src\video\wincommon\SDL_sysmouse.c">
      <Filter>Source Files</Filter>
    </ClCompile>
    <ClCompile Include="..\..\deps\SDL\src\video\wincommon\SDL_syswm.c">
      <Filter>Source Files</Filter>
    </ClCompile>
    <ClCompile Include="..\..\deps\SDL\src\video\wincommon\SDL_wingl.c">
      <Filter>Source Files</Filter>
    </ClCompile>
    <ClCompile Include="..\..\deps\SDL\src\audio\dummy\SDL_dummyaudio.c">
      <Filter>Source Files</Filter>
    </ClCompile>
    <ClCompile Include="..\..\deps\SDL\src\audio\disk\SDL_diskaudio.c">
      <Filter>Source Files</Filter>
    </ClCompile>
    <ClCompile Include="..\..\deps\SDL\src\thread\generic\SDL_syscond.c">
      <Filter>Source Files</Filter>
    </ClCompile>
  </ItemGroup>
  <ItemGroup>
    <ClInclude Include="..\..\deps\SDL\src\SDL_error_c.h">
      <Filter>Header Files</Filter>
    </ClInclude>
    <ClInclude Include="..\..\deps\SDL\src\SDL_fatal.h">
      <Filter>Header Files</Filter>
    </ClInclude>
    <ClInclude Include="..\..\deps\SDL\src\audio\SDL_audio_c.h">
      <Filter>Header Files</Filter>
    </ClInclude>
    <ClInclude Include="..\..\deps\SDL\src\audio\SDL_audiodev_c.h">
      <Filter>Header Files</Filter>
    </ClInclude>
    <ClInclude Include="..\..\deps\SDL\src\audio\SDL_audiomem.h">
      <Filter>Header Files</Filter>
    </ClInclude>
    <ClInclude Include="..\..\deps\SDL\src\audio\SDL_mixer_m68k.h">
      <Filter>Header Files</Filter>
    </ClInclude>
    <ClInclude Include="..\..\deps\SDL\src\audio\SDL_mixer_MMX.h">
      <Filter>Header Files</Filter>
    </ClInclude>
    <ClInclude Include="..\..\deps\SDL\src\audio\SDL_mixer_MMX_VC.h">
      <Filter>Header Files</Filter>
    </ClInclude>
    <ClInclude Include="..\..\deps\SDL\src\audio\SDL_sysaudio.h">
      <Filter>Header Files</Filter>
    </ClInclude>
    <ClInclude Include="..\..\deps\SDL\src\audio\SDL_wave.h">
      <Filter>Header Files</Filter>
    </ClInclude>
    <ClInclude Include="..\..\deps\SDL\src\audio\windib\SDL_dibaudio.h">
      <Filter>Header Files</Filter>
    </ClInclude>
    <ClInclude Include="..\..\deps\SDL\src\audio\windx5\directx.h">
      <Filter>Header Files</Filter>
    </ClInclude>
    <ClInclude Include="..\..\deps\SDL\src\audio\windx5\SDL_dx5audio.h">
      <Filter>Header Files</Filter>
    </ClInclude>
    <ClInclude Include="..\..\deps\SDL\src\cdrom\SDL_syscdrom.h">
      <Filter>Header Files</Filter>
    </ClInclude>
    <ClInclude Include="..\..\deps\SDL\src\events\SDL_events_c.h">
      <Filter>Header Files</Filter>
    </ClInclude>
    <ClInclude Include="..\..\deps\SDL\src\events\SDL_sysevents.h">
      <Filter>Header Files</Filter>
    </ClInclude>
    <ClInclude Include="..\..\deps\SDL\src\joystick\SDL_joystick_c.h">
      <Filter>Header Files</Filter>
    </ClInclude>
    <ClInclude Include="..\..\deps\SDL\src\joystick\SDL_sysjoystick.h">
      <Filter>Header Files</Filter>
    </ClInclude>
    <ClInclude Include="..\..\deps\SDL\src\thread\SDL_systhread.h">
      <Filter>Header Files</Filter>
    </ClInclude>
    <ClInclude Include="..\..\deps\SDL\src\thread\SDL_thread_c.h">
      <Filter>Header Files</Filter>
    </ClInclude>
    <ClInclude Include="..\..\deps\SDL\src\thread\win32\SDL_systhread_c.h">
      <Filter>Header Files</Filter>
    </ClInclude>
    <ClInclude Include="..\..\deps\SDL\src\timer\SDL_systimer.h">
      <Filter>Header Files</Filter>
    </ClInclude>
    <ClInclude Include="..\..\deps\SDL\src\timer\SDL_timer_c.h">
      <Filter>Header Files</Filter>
    </ClInclude>
    <ClInclude Include="..\..\deps\SDL\src\video\blank_cursor.h">
      <Filter>Header Files</Filter>
    </ClInclude>
    <ClInclude Include="..\..\deps\SDL\src\video\default_cursor.h">
      <Filter>Header Files</Filter>
    </ClInclude>
    <ClInclude Include="..\..\deps\SDL\src\video\e_log.h">
      <Filter>Header Files</Filter>
    </ClInclude>
    <ClInclude Include="..\..\deps\SDL\src\video\e_pow.h">
      <Filter>Header Files</Filter>
    </ClInclude>
    <ClInclude Include="..\..\deps\SDL\src\video\e_sqrt.h">
      <Filter>Header Files</Filter>
    </ClInclude>
    <ClInclude Include="..\..\deps\SDL\src\video\math_private.h">
      <Filter>Header Files</Filter>
    </ClInclude>
    <ClInclude Include="..\..\deps\SDL\src\video\mmx.h">
      <Filter>Header Files</Filter>
    </ClInclude>
    <ClInclude Include="..\..\deps\SDL\src\video\SDL_blit.h">
      <Filter>Header Files</Filter>
    </ClInclude>
    <ClInclude Include="..\..\deps\SDL\src\video\SDL_cursor_c.h">
      <Filter>Header Files</Filter>
    </ClInclude>
    <ClInclude Include="..\..\deps\SDL\src\video\SDL_glfuncs.h">
      <Filter>Header Files</Filter>
    </ClInclude>
    <ClInclude Include="..\..\deps\SDL\src\video\SDL_leaks.h">
      <Filter>Header Files</Filter>
    </ClInclude>
    <ClInclude Include="..\..\deps\SDL\src\video\SDL_pixels_c.h">
      <Filter>Header Files</Filter>
    </ClInclude>
    <ClInclude Include="..\..\deps\SDL\src\video\SDL_RLEaccel_c.h">
      <Filter>Header Files</Filter>
    </ClInclude>
    <ClInclude Include="..\..\deps\SDL\src\video\SDL_stretch_c.h">
      <Filter>Header Files</Filter>
    </ClInclude>
    <ClInclude Include="..\..\deps\SDL\src\video\SDL_sysvideo.h">
      <Filter>Header Files</Filter>
    </ClInclude>
    <ClInclude Include="..\..\deps\SDL\src\video\SDL_yuv_sw_c.h">
      <Filter>Header Files</Filter>
    </ClInclude>
    <ClInclude Include="..\..\deps\SDL\src\video\SDL_yuvfuncs.h">
      <Filter>Header Files</Filter>
    </ClInclude>
    <ClInclude Include="..\..\deps\SDL\src\video\dummy\SDL_nullevents_c.h">
      <Filter>Header Files</Filter>
    </ClInclude>
    <ClInclude Include="..\..\deps\SDL\src\video\dummy\SDL_nullmouse_c.h">
      <Filter>Header Files</Filter>
    </ClInclude>
    <ClInclude Include="..\..\deps\SDL\src\video\dummy\SDL_nullvideo.h">
      <Filter>Header Files</Filter>
    </ClInclude>
    <ClInclude Include="..\..\deps\SDL\src\video\windib\SDL_dibevents_c.h">
      <Filter>Header Files</Filter>
    </ClInclude>
    <ClInclude Include="..\..\deps\SDL\src\video\windib\SDL_dibvideo.h">
      <Filter>Header Files</Filter>
    </ClInclude>
    <ClInclude Include="..\..\deps\SDL\src\video\windib\SDL_gapidibvideo.h">
      <Filter>Header Files</Filter>
    </ClInclude>
    <ClInclude Include="..\..\deps\SDL\src\video\windib\SDL_vkeys.h">
      <Filter>Header Files</Filter>
    </ClInclude>
    <ClInclude Include="..\..\deps\SDL\src\video\windx5\directx.h">
      <Filter>Header Files</Filter>
    </ClInclude>
    <ClInclude Include="..\..\deps\SDL\src\video\windx5\SDL_dx5events_c.h">
      <Filter>Header Files</Filter>
    </ClInclude>
    <ClInclude Include="..\..\deps\SDL\src\video\windx5\SDL_dx5video.h">
      <Filter>Header Files</Filter>
    </ClInclude>
    <ClInclude Include="..\..\deps\SDL\src\video\windx5\SDL_dx5yuv_c.h">
      <Filter>Header Files</Filter>
    </ClInclude>
    <ClInclude Include="..\..\deps\SDL\src\video\wincommon\SDL_lowvideo.h">
      <Filter>Header Files</Filter>
    </ClInclude>
    <ClInclude Include="..\..\deps\SDL\src\video\wincommon\SDL_sysmouse_c.h">
      <Filter>Header Files</Filter>
    </ClInclude>
    <ClInclude Include="..\..\deps\SDL\src\video\wincommon\SDL_syswm_c.h">
      <Filter>Header Files</Filter>
    </ClInclude>
    <ClInclude Include="..\..\deps\SDL\src\video\wincommon\SDL_wingl_c.h">
      <Filter>Header Files</Filter>
    </ClInclude>
    <ClInclude Include="..\..\deps\SDL\src\video\wincommon\wmmsg.h">
      <Filter>Header Files</Filter>
    </ClInclude>
    <ClInclude Include="..\..\deps\SDL\src\audio\dummy\SDL_dummyaudio.h">
      <Filter>Header Files</Filter>
    </ClInclude>
    <ClInclude Include="..\..\deps\SDL\src\audio\disk\SDL_diskaudio.h">
      <Filter>Header Files</Filter>
    </ClInclude>
    <ClInclude Include="..\..\deps\SDL\src\thread\generic\SDL_sysmutex_c.h">
      <Filter>Header Files</Filter>
    </ClInclude>
    <ClInclude Include="..\..\deps\SDL\src\thread\generic\SDL_systhread_c.h">
      <Filter>Header Files</Filter>
    </ClInclude>
  </ItemGroup>
</Project>