
Microsoft Visual Studio Solution File, Format Version 11.00
# Visual Studio 2010
Project("{8BC9CEB8-8B4A-11D0-8D11-00A0C91BC942}") = "OpenLieroX", "OpenLieroX.vcxproj", "{EA0C2715-65F3-4238-AA7E-B3A92D706334}"
EndProject
Project("{8BC9CEB8-8B4A-11D0-8D11-00A0C91BC942}") = "Lua", "lua\Lua.vcxproj", "{F9C7B86A-C5F0-4BB0-ACFE-6E5AD9616436}"
EndProject
Project("{8BC9CEB8-8B4A-11D0-8D11-00A0C91BC942}") = "freealut", "freealut\freealut.vcxproj", "{601A7E93-5041-4408-BEF6-184EB83A7850}"
EndProject
Project("{8BC9CEB8-8B4A-11D0-8D11-00A0C91BC942}") = "hawknl", "hawknl\hawknl.vcxproj", "{C34C088A-BC74-4373-A6D9-116F5EA47BCC}"
EndProject
Project("{8BC9CEB8-8B4A-11D0-8D11-00A0C91BC942}") = "libcurl", "libcurl\libcurl.vcxproj", "{285CB970-F562-4AEF-9FBC-0B13FB051E01}"
EndProject
Project("{8BC9CEB8-8B4A-11D0-8D11-00A0C91BC942}") = "libgd", "libgd\libgd.vcxproj", "{B03F010F-9ED7-43EF-B90C-4C6EB0DE0643}"
EndProject
Project("{8BC9CEB8-8B4A-11D0-8D11-00A0C91BC942}") = "libvorbis", "libvorbis\libvorbis.vcxproj", "{8805E585-38B8-4D94-B24E-FB204C446DE7}"
EndProject
Project("{8BC9CEB8-8B4A-11D0-8D11-00A0C91BC942}") = "libxml2", "libxml2\libxml2.vcxproj", "{45F8CEEC-1BEE-429A-BC74-B00058DEB040}"
EndProject
Project("{8BC9CEB8-8B4A-11D0-8D11-00A0C91BC942}") = "libzip", "libzip\libzip.vcxproj", "{6621345A-B291-4425-8EAC-53626DD0A5FE}"
EndProject
Project("{8BC9CEB8-8B4A-11D0-8D11-00A0C91BC942}") = "openal", "openal\openal.vcxproj", "{43CB0E00-42F6-40AA-895A-C4EEBB9548AA}"
EndProject
Project("{8BC9CEB8-8B4A-11D0-8D11-00A0C91BC942}") = "sdl", "sdl\sdl.vcxproj", "{DD249F69-907F-4C83-8508-07BEE50B44AE}"
EndProject
Project("{8BC9CEB8-8B4A-11D0-8D11-00A0C91BC942}") = "sdlmain", "sdlmain\sdlmain.vcxproj", "{AD1C832E-9E69-4EFE-8E29-6EF88CAD4385}"
EndProject
Project("{8BC9CEB8-8B4A-11D0-8D11-00A0C91BC942}") = "iconv", "iconv\iconv.vcxproj", "{CF537577-1A9F-4435-8597-CEAD62138A49}"
EndProject
Project("{8BC9CEB8-8B4A-11D0-8D11-00A0C91BC942}") = "sdl_image", "sdl_image\sdl_image.vcxproj", "{9B5404B4-642E-4D0B-A01A-BE5A30E3BF8D}"
EndProject
Project("{8BC9CEB8-8B4A-11D0-8D11-00A0C91BC942}") = "zlib", "zlib\zlib.vcxproj", "{75BEE870-84F2-465D-A30E-88E153007A20}"
EndProject
Project("{8BC9CEB8-8B4A-11D0-8D11-00A0C91BC942}") = "libogg", "libogg\libogg.vcxproj", "{F692DE5E-60D6-486A-ABC6-310EDD0F63EE}"
EndProject
Project("{8BC9CEB8-8B4A-11D0-8D11-00A0C91BC942}") = "boost_signals", "boost_signals\boost_signals.vcxproj", "{8A2E0D6C-7A48-4D61-B044-C9CF30646520}"
EndProject
Project("{8BC9CEB8-8B4A-11D0-8D11-00A0C91BC942}") = "boost_thread", "boost_thread\boost_thread.vcxproj", "{5ADC34BE-5115-420D-86F6-5A858705A020}"
EndProject
Project("{8BC9CEB8-8B4A-11D0-8D11-00A0C91BC942}") = "boost_system", "boost_system\boost_system.vcxproj", "{FAEDB4E7-1E90-49D9-8080-3EE5865310F3}"
EndProject
Project("{8BC9CEB8-8B4A-11D0-8D11-00A0C91BC942}") = "boost_date_time", "boost_date_time\boost_date_time.vcxproj", "{AAFAF613-C2D7-4F6E-8A67-26DFDC0598D3}"
EndProject
Project("{8BC9CEB8-8B4A-11D0-8D11-00A0C91BC942}") = "boost_chrono", "boost_chrono\boost_chrono.vcxproj", "{F8450ED8-A226-41F2-9CB4-959847E9B4A5}"
EndProject
Project("{8BC9CEB8-8B4A-11D0-8D11-00A0C91BC942}") = "libpng", "libpng\libpng.vcxproj", "{45513A45-EF4D-4CDB-B304-4DA7BD82220F}"
EndProject
Project("{8BC9CEB8-8B4A-11D0-8D11-00A0C91BC942}") = "libjpeg", "libjpeg\libjpeg.vcxproj", "{19C29662-B900-4EA8-9943-3871B193104E}"
EndProject
Project("{8BC9CEB8-8B4A-11D0-8D11-00A0C91BC942}") = "freetype", "freetype\freetype.vcxproj", "{1403EC7D-02DE-4381-97DD-4F291E5C7390}"
EndProject
Global
	GlobalSection(SolutionConfigurationPlatforms) = preSolution
		Debug|Win32 = Debug|Win32
		DebugStaticCRT|Win32 = DebugStaticCRT|Win32
		Release|Win32 = Release|Win32
		ReleaseStaticCRT|Win32 = ReleaseStaticCRT|Win32
	EndGlobalSection
	GlobalSection(ProjectConfigurationPlatforms) = postSolution
		{EA0C2715-65F3-4238-AA7E-B3A92D706334}.Debug|Win32.ActiveCfg = Debug|Win32
		{EA0C2715-65F3-4238-AA7E-B3A92D706334}.Debug|Win32.Build.0 = Debug|Win32
		{EA0C2715-65F3-4238-AA7E-B3A92D706334}.DebugStaticCRT|Win32.ActiveCfg = Debug|Win32
		{EA0C2715-65F3-4238-AA7E-B3A92D706334}.DebugStaticCRT|Win32.Build.0 = Debug|Win32
		{EA0C2715-65F3-4238-AA7E-B3A92D706334}.Release|Win32.ActiveCfg = Release|Win32
		{EA0C2715-65F3-4238-AA7E-B3A92D706334}.Release|Win32.Build.0 = Release|Win32
		{EA0C2715-65F3-4238-AA7E-B3A92D706334}.ReleaseStaticCRT|Win32.ActiveCfg = Release|Win32
		{EA0C2715-65F3-4238-AA7E-B3A92D706334}.ReleaseStaticCRT|Win32.Build.0 = Release|Win32
		{F9C7B86A-C5F0-4BB0-ACFE-6E5AD9616436}.Debug|Win32.ActiveCfg = Debug|Win32
		{F9C7B86A-C5F0-4BB0-ACFE-6E5AD9616436}.Debug|Win32.Build.0 = Debug|Win32
		{F9C7B86A-C5F0-4BB0-ACFE-6E5AD9616436}.DebugStaticCRT|Win32.ActiveCfg = Debug|Win32
		{F9C7B86A-C5F0-4BB0-ACFE-6E5AD9616436}.DebugStaticCRT|Win32.Build.0 = Debug|Win32
		{F9C7B86A-C5F0-4BB0-ACFE-6E5AD9616436}.Release|Win32.ActiveCfg = Release|Win32
		{F9C7B86A-C5F0-4BB0-ACFE-6E5AD9616436}.Release|Win32.Build.0 = Release|Win32
		{F9C7B86A-C5F0-4BB0-ACFE-6E5AD9616436}.ReleaseStaticCRT|Win32.ActiveCfg = Release|Win32
		{F9C7B86A-C5F0-4BB0-ACFE-6E5AD9616436}.ReleaseStaticCRT|Win32.Build.0 = Release|Win32
		{601A7E93-5041-4408-BEF6-184EB83A7850}.Debug|Win32.ActiveCfg = Debug|Win32
		{601A7E93-5041-4408-BEF6-184EB83A7850}.Debug|Win32.Build.0 = Debug|Win32
		{601A7E93-5041-4408-BEF6-184EB83A7850}.DebugStaticCRT|Win32.ActiveCfg = Debug|Win32
		{601A7E93-5041-4408-BEF6-184EB83A7850}.DebugStaticCRT|Win32.Build.0 = Debug|Win32
		{601A7E93-5041-4408-BEF6-184EB83A7850}.Release|Win32.ActiveCfg = Release|Win32
		{601A7E93-5041-4408-BEF6-184EB83A7850}.Release|Win32.Build.0 = Release|Win32
		{601A7E93-5041-4408-BEF6-184EB83A7850}.ReleaseStaticCRT|Win32.ActiveCfg = Release|Win32
		{601A7E93-5041-4408-BEF6-184EB83A7850}.ReleaseStaticCRT|Win32.Build.0 = Release|Win32
		{C34C088A-BC74-4373-A6D9-116F5EA47BCC}.Debug|Win32.ActiveCfg = Debug|Win32
		{C34C088A-BC74-4373-A6D9-116F5EA47BCC}.Debug|Win32.Build.0 = Debug|Win32
		{C34C088A-BC74-4373-A6D9-116F5EA47BCC}.DebugStaticCRT|Win32.ActiveCfg = Debug|Win32
		{C34C088A-BC74-4373-A6D9-116F5EA47BCC}.DebugStaticCRT|Win32.Build.0 = Debug|Win32
		{C34C088A-BC74-4373-A6D9-116F5EA47BCC}.Release|Win32.ActiveCfg = Release|Win32
		{C34C088A-BC74-4373-A6D9-116F5EA47BCC}.Release|Win32.Build.0 = Release|Win32
		{C34C088A-BC74-4373-A6D9-116F5EA47BCC}.ReleaseStaticCRT|Win32.ActiveCfg = Release|Win32
		{C34C088A-BC74-4373-A6D9-116F5EA47BCC}.ReleaseStaticCRT|Win32.Build.0 = Release|Win32
		{285CB970-F562-4AEF-9FBC-0B13FB051E01}.Debug|Win32.ActiveCfg = Debug|Win32
		{285CB970-F562-4AEF-9FBC-0B13FB051E01}.Debug|Win32.Build.0 = Debug|Win32
		{285CB970-F562-4AEF-9FBC-0B13FB051E01}.DebugStaticCRT|Win32.ActiveCfg = Debug|Win32
		{285CB970-F562-4AEF-9FBC-0B13FB051E01}.DebugStaticCRT|Win32.Build.0 = Debug|Win32
		{285CB970-F562-4AEF-9FBC-0B13FB051E01}.Release|Win32.ActiveCfg = Release|Win32
		{285CB970-F562-4AEF-9FBC-0B13FB051E01}.Release|Win32.Build.0 = Release|Win32
		{285CB970-F562-4AEF-9FBC-0B13FB051E01}.ReleaseStaticCRT|Win32.ActiveCfg = Release|Win32
		{285CB970-F562-4AEF-9FBC-0B13FB051E01}.ReleaseStaticCRT|Win32.Build.0 = Release|Win32
		{B03F010F-9ED7-43EF-B90C-4C6EB0DE0643}.Debug|Win32.ActiveCfg = Debug|Win32
		{B03F010F-9ED7-43EF-B90C-4C6EB0DE0643}.Debug|Win32.Build.0 = Debug|Win32
		{B03F010F-9ED7-43EF-B90C-4C6EB0DE0643}.DebugStaticCRT|Win32.ActiveCfg = Debug|Win32
		{B03F010F-9ED7-43EF-B90C-4C6EB0DE0643}.DebugStaticCRT|Win32.Build.0 = Debug|Win32
		{B03F010F-9ED7-43EF-B90C-4C6EB0DE0643}.Release|Win32.ActiveCfg = Release|Win32
		{B03F010F-9ED7-43EF-B90C-4C6EB0DE0643}.Release|Win32.Build.0 = Release|Win32
		{B03F010F-9ED7-43EF-B90C-4C6EB0DE0643}.ReleaseStaticCRT|Win32.ActiveCfg = Release|Win32
		{B03F010F-9ED7-43EF-B90C-4C6EB0DE0643}.ReleaseStaticCRT|Win32.Build.0 = Release|Win32
		{8805E585-38B8-4D94-B24E-FB204C446DE7}.Debug|Win32.ActiveCfg = Debug|Win32
		{8805E585-38B8-4D94-B24E-FB204C446DE7}.Debug|Win32.Build.0 = Debug|Win32
		{8805E585-38B8-4D94-B24E-FB204C446DE7}.DebugStaticCRT|Win32.ActiveCfg = Debug|Win32
		{8805E585-38B8-4D94-B24E-FB204C446DE7}.DebugStaticCRT|Win32.Build.0 = Debug|Win32
		{8805E585-38B8-4D94-B24E-FB204C446DE7}.Release|Win32.ActiveCfg = Release|Win32
		{8805E585-38B8-4D94-B24E-FB204C446DE7}.Release|Win32.Build.0 = Release|Win32
		{8805E585-38B8-4D94-B24E-FB204C446DE7}.ReleaseStaticCRT|Win32.ActiveCfg = Release|Win32
		{8805E585-38B8-4D94-B24E-FB204C446DE7}.ReleaseStaticCRT|Win32.Build.0 = Release|Win32
		{45F8CEEC-1BEE-429A-BC74-B00058DEB040}.Debug|Win32.ActiveCfg = Debug|Win32
		{45F8CEEC-1BEE-429A-BC74-B00058DEB040}.Debug|Win32.Build.0 = Debug|Win32
		{45F8CEEC-1BEE-429A-BC74-B00058DEB040}.DebugStaticCRT|Win32.ActiveCfg = Debug|Win32
		{45F8CEEC-1BEE-429A-BC74-B00058DEB040}.DebugStaticCRT|Win32.Build.0 = Debug|Win32
		{45F8CEEC-1BEE-429A-BC74-B00058DEB040}.Release|Win32.ActiveCfg = Release|Win32
		{45F8CEEC-1BEE-429A-BC74-B00058DEB040}.Release|Win32.Build.0 = Release|Win32
		{45F8CEEC-1BEE-429A-BC74-B00058DEB040}.ReleaseStaticCRT|Win32.ActiveCfg = Release|Win32
		{45F8CEEC-1BEE-429A-BC74-B00058DEB040}.ReleaseStaticCRT|Win32.Build.0 = Release|Win32
		{6621345A-B291-4425-8EAC-53626DD0A5FE}.Debug|Win32.ActiveCfg = Debug|Win32
		{6621345A-B291-4425-8EAC-53626DD0A5FE}.Debug|Win32.Build.0 = Debug|Win32
		{6621345A-B291-4425-8EAC-53626DD0A5FE}.DebugStaticCRT|Win32.ActiveCfg = Debug|Win32
		{6621345A-B291-4425-8EAC-53626DD0A5FE}.DebugStaticCRT|Win32.Build.0 = Debug|Win32
		{6621345A-B291-4425-8EAC-53626DD0A5FE}.Release|Win32.ActiveCfg = Release|Win32
		{6621345A-B291-4425-8EAC-53626DD0A5FE}.Release|Win32.Build.0 = Release|Win32
		{6621345A-B291-4425-8EAC-53626DD0A5FE}.ReleaseStaticCRT|Win32.ActiveCfg = Release|Win32
		{6621345A-B291-4425-8EAC-53626DD0A5FE}.ReleaseStaticCRT|Win32.Build.0 = Release|Win32
		{43CB0E00-42F6-40AA-895A-C4EEBB9548AA}.Debug|Win32.ActiveCfg = Debug|Win32
		{43CB0E00-42F6-40AA-895A-C4EEBB9548AA}.Debug|Win32.Build.0 = Debug|Win32
		{43CB0E00-42F6-40AA-895A-C4EEBB9548AA}.DebugStaticCRT|Win32.ActiveCfg = Debug|Win32
		{43CB0E00-42F6-40AA-895A-C4EEBB9548AA}.DebugStaticCRT|Win32.Build.0 = Debug|Win32
		{43CB0E00-42F6-40AA-895A-C4EEBB9548AA}.Release|Win32.ActiveCfg = Release|Win32
		{43CB0E00-42F6-40AA-895A-C4EEBB9548AA}.Release|Win32.Build.0 = Release|Win32
		{43CB0E00-42F6-40AA-895A-C4EEBB9548AA}.ReleaseStaticCRT|Win32.ActiveCfg = Release|Win32
		{43CB0E00-42F6-40AA-895A-C4EEBB9548AA}.ReleaseStaticCRT|Win32.Build.0 = Release|Win32
		{DD249F69-907F-4C83-8508-07BEE50B44AE}.Debug|Win32.ActiveCfg = Debug|Win32
		{DD249F69-907F-4C83-8508-07BEE50B44AE}.Debug|Win32.Build.0 = Debug|Win32
		{DD249F69-907F-4C83-8508-07BEE50B44AE}.DebugStaticCRT|Win32.ActiveCfg = Debug|Win32
		{DD249F69-907F-4C83-8508-07BEE50B44AE}.DebugStaticCRT|Win32.Build.0 = Debug|Win32
		{DD249F69-907F-4C83-8508-07BEE50B44AE}.Release|Win32.ActiveCfg = Release|Win32
		{DD249F69-907F-4C83-8508-07BEE50B44AE}.Release|Win32.Build.0 = Release|Win32
		{DD249F69-907F-4C83-8508-07BEE50B44AE}.ReleaseStaticCRT|Win32.ActiveCfg = Release|Win32
		{DD249F69-907F-4C83-8508-07BEE50B44AE}.ReleaseStaticCRT|Win32.Build.0 = Release|Win32
		{AD1C832E-9E69-4EFE-8E29-6EF88CAD4385}.Debug|Win32.ActiveCfg = Debug|Win32
		{AD1C832E-9E69-4EFE-8E29-6EF88CAD4385}.Debug|Win32.Build.0 = Debug|Win32
		{AD1C832E-9E69-4EFE-8E29-6EF88CAD4385}.DebugStaticCRT|Win32.ActiveCfg = Debug|Win32
		{AD1C832E-9E69-4EFE-8E29-6EF88CAD4385}.DebugStaticCRT|Win32.Build.0 = Debug|Win32
		{AD1C832E-9E69-4EFE-8E29-6EF88CAD4385}.Release|Win32.ActiveCfg = Release|Win32
		{AD1C832E-9E69-4EFE-8E29-6EF88CAD4385}.Release|Win32.Build.0 = Release|Win32
		{AD1C832E-9E69-4EFE-8E29-6EF88CAD4385}.ReleaseStaticCRT|Win32.ActiveCfg = Release|Win32
		{AD1C832E-9E69-4EFE-8E29-6EF88CAD4385}.ReleaseStaticCRT|Win32.Build.0 = Release|Win32
		{CF537577-1A9F-4435-8597-CEAD62138A49}.Debug|Win32.ActiveCfg = Debug|Win32
		{CF537577-1A9F-4435-8597-CEAD62138A49}.Debug|Win32.Build.0 = Debug|Win32
		{CF537577-1A9F-4435-8597-CEAD62138A49}.DebugStaticCRT|Win32.ActiveCfg = Debug|Win32
		{CF537577-1A9F-4435-8597-CEAD62138A49}.DebugStaticCRT|Win32.Build.0 = Debug|Win32
		{CF537577-1A9F-4435-8597-CEAD62138A49}.Release|Win32.ActiveCfg = Release|Win32
		{CF537577-1A9F-4435-8597-CEAD62138A49}.Release|Win32.Build.0 = Release|Win32
		{CF537577-1A9F-4435-8597-CEAD62138A49}.ReleaseStaticCRT|Win32.ActiveCfg = Release|Win32
		{CF537577-1A9F-4435-8597-CEAD62138A49}.ReleaseStaticCRT|Win32.Build.0 = Release|Win32
		{9B5404B4-642E-4D0B-A01A-BE5A30E3BF8D}.Debug|Win32.ActiveCfg = Debug|Win32
		{9B5404B4-642E-4D0B-A01A-BE5A30E3BF8D}.Debug|Win32.Build.0 = Debug|Win32
		{9B5404B4-642E-4D0B-A01A-BE5A30E3BF8D}.DebugStaticCRT|Win32.ActiveCfg = Debug|Win32
		{9B5404B4-642E-4D0B-A01A-BE5A30E3BF8D}.DebugStaticCRT|Win32.Build.0 = Debug|Win32
		{9B5404B4-642E-4D0B-A01A-BE5A30E3BF8D}.Release|Win32.ActiveCfg = Release|Win32
		{9B5404B4-642E-4D0B-A01A-BE5A30E3BF8D}.Release|Win32.Build.0 = Release|Win32
		{9B5404B4-642E-4D0B-A01A-BE5A30E3BF8D}.ReleaseStaticCRT|Win32.ActiveCfg = Release|Win32
		{9B5404B4-642E-4D0B-A01A-BE5A30E3BF8D}.ReleaseStaticCRT|Win32.Build.0 = Release|Win32
		{75BEE870-84F2-465D-A30E-88E153007A20}.Debug|Win32.ActiveCfg = Debug|Win32
		{75BEE870-84F2-465D-A30E-88E153007A20}.Debug|Win32.Build.0 = Debug|Win32
		{75BEE870-84F2-465D-A30E-88E153007A20}.DebugStaticCRT|Win32.ActiveCfg = Debug|Win32
		{75BEE870-84F2-465D-A30E-88E153007A20}.DebugStaticCRT|Win32.Build.0 = Debug|Win32
		{75BEE870-84F2-465D-A30E-88E153007A20}.Release|Win32.ActiveCfg = Release|Win32
		{75BEE870-84F2-465D-A30E-88E153007A20}.Release|Win32.Build.0 = Release|Win32
		{75BEE870-84F2-465D-A30E-88E153007A20}.ReleaseStaticCRT|Win32.ActiveCfg = Release|Win32
		{75BEE870-84F2-465D-A30E-88E153007A20}.ReleaseStaticCRT|Win32.Build.0 = Release|Win32
		{F692DE5E-60D6-486A-ABC6-310EDD0F63EE}.Debug|Win32.ActiveCfg = Debug|Win32
		{F692DE5E-60D6-486A-ABC6-310EDD0F63EE}.Debug|Win32.Build.0 = Debug|Win32
		{F692DE5E-60D6-486A-ABC6-310EDD0F63EE}.DebugStaticCRT|Win32.ActiveCfg = Debug|Win32
		{F692DE5E-60D6-486A-ABC6-310EDD0F63EE}.DebugStaticCRT|Win32.Build.0 = Debug|Win32
		{F692DE5E-60D6-486A-ABC6-310EDD0F63EE}.Release|Win32.ActiveCfg = Release|Win32
		{F692DE5E-60D6-486A-ABC6-310EDD0F63EE}.Release|Win32.Build.0 = Release|Win32
		{F692DE5E-60D6-486A-ABC6-310EDD0F63EE}.ReleaseStaticCRT|Win32.ActiveCfg = Release|Win32
		{F692DE5E-60D6-486A-ABC6-310EDD0F63EE}.ReleaseStaticCRT|Win32.Build.0 = Release|Win32
		{8A2E0D6C-7A48-4D61-B044-C9CF30646520}.Debug|Win32.ActiveCfg = Debug|Win32
		{8A2E0D6C-7A48-4D61-B044-C9CF30646520}.Debug|Win32.Build.0 = Debug|Win32
		{8A2E0D6C-7A48-4D61-B044-C9CF30646520}.DebugStaticCRT|Win32.ActiveCfg = Debug|Win32
		{8A2E0D6C-7A48-4D61-B044-C9CF30646520}.DebugStaticCRT|Win32.Build.0 = Debug|Win32
		{8A2E0D6C-7A48-4D61-B044-C9CF30646520}.Release|Win32.ActiveCfg = Release|Win32
		{8A2E0D6C-7A48-4D61-B044-C9CF30646520}.Release|Win32.Build.0 = Release|Win32
		{8A2E0D6C-7A48-4D61-B044-C9CF30646520}.ReleaseStaticCRT|Win32.ActiveCfg = Release|Win32
		{8A2E0D6C-7A48-4D61-B044-C9CF30646520}.ReleaseStaticCRT|Win32.Build.0 = Release|Win32
		{5ADC34BE-5115-420D-86F6-5A858705A020}.Debug|Win32.ActiveCfg = Debug|Win32
		{5ADC34BE-5115-420D-86F6-5A858705A020}.Debug|Win32.Build.0 = Debug|Win32
		{5ADC34BE-5115-420D-86F6-5A858705A020}.DebugStaticCRT|Win32.ActiveCfg = Debug|Win32
		{5ADC34BE-5115-420D-86F6-5A858705A020}.DebugStaticCRT|Win32.Build.0 = Debug|Win32
		{5ADC34BE-5115-420D-86F6-5A858705A020}.Release|Win32.ActiveCfg = Release|Win32
		{5ADC34BE-5115-420D-86F6-5A858705A020}.Release|Win32.Build.0 = Release|Win32
		{5ADC34BE-5115-420D-86F6-5A858705A020}.ReleaseStaticCRT|Win32.ActiveCfg = Release|Win32
		{5ADC34BE-5115-420D-86F6-5A858705A020}.ReleaseStaticCRT|Win32.Build.0 = Release|Win32
		{FAEDB4E7-1E90-49D9-8080-3EE5865310F3}.Debug|Win32.ActiveCfg = Debug|Win32
		{FAEDB4E7-1E90-49D9-8080-3EE5865310F3}.Debug|Win32.Build.0 = Debug|Win32
		{FAEDB4E7-1E90-49D9-8080-3EE5865310F3}.DebugStaticCRT|Win32.ActiveCfg = Debug|Win32
		{FAEDB4E7-1E90-49D9-8080-3EE5865310F3}.DebugStaticCRT|Win32.Build.0 = Debug|Win32
		{FAEDB4E7-1E90-49D9-8080-3EE5865310F3}.Release|Win32.ActiveCfg = Release|Win32
		{FAEDB4E7-1E90-49D9-8080-3EE5865310F3}.Release|Win32.Build.0 = Release|Win32
		{FAEDB4E7-1E90-49D9-8080-3EE5865310F3}.ReleaseStaticCRT|Win32.ActiveCfg = Release|Win32
		{FAEDB4E7-1E90-49D9-8080-3EE5865310F3}.ReleaseStaticCRT|Win32.Build.0 = Release|Win32
		{AAFAF613-C2D7-4F6E-8A67-26DFDC0598D3}.Debug|Win32.ActiveCfg = Debug|Win32
		{AAFAF613-C2D7-4F6E-8A67-26DFDC0598D3}.Debug|Win32.Build.0 = Debug|Win32
		{AAFAF613-C2D7-4F6E-8A67-26DFDC0598D3}.DebugStaticCRT|Win32.ActiveCfg = Debug|Win32
		{AAFAF613-C2D7-4F6E-8A67-26DFDC0598D3}.DebugStaticCRT|Win32.Build.0 = Debug|Win32
		{AAFAF613-C2D7-4F6E-8A67-26DFDC0598D3}.Release|Win32.ActiveCfg = Release|Win32
		{AAFAF613-C2D7-4F6E-8A67-26DFDC0598D3}.Release|Win32.Build.0 = Release|Win32
		{AAFAF613-C2D7-4F6E-8A67-26DFDC0598D3}.ReleaseStaticCRT|Win32.ActiveCfg = Release|Win32
		{AAFAF613-C2D7-4F6E-8A67-26DFDC0598D3}.ReleaseStaticCRT|Win32.Build.0 = Release|Win32
		{F8450ED8-A226-41F2-9CB4-959847E9B4A5}.Debug|Win32.ActiveCfg = Debug|Win32
		{F8450ED8-A226-41F2-9CB4-959847E9B4A5}.Debug|Win32.Build.0 = Debug|Win32
		{F8450ED8-A226-41F2-9CB4-959847E9B4A5}.DebugStaticCRT|Win32.ActiveCfg = Debug|Win32
		{F8450ED8-A226-41F2-9CB4-959847E9B4A5}.DebugStaticCRT|Win32.Build.0 = Debug|Win32
		{F8450ED8-A226-41F2-9CB4-959847E9B4A5}.Release|Win32.ActiveCfg = Release|Win32
		{F8450ED8-A226-41F2-9CB4-959847E9B4A5}.Release|Win32.Build.0 = Release|Win32
		{F8450ED8-A226-41F2-9CB4-959847E9B4A5}.ReleaseStaticCRT|Win32.ActiveCfg = Release|Win32
		{F8450ED8-A226-41F2-9CB4-959847E9B4A5}.ReleaseStaticCRT|Win32.Build.0 = Release|Win32
		{45513A45-EF4D-4CDB-B304-4DA7BD82220F}.Debug|Win32.ActiveCfg = Debug|Win32
		{45513A45-EF4D-4CDB-B304-4DA7BD82220F}.Debug|Win32.Build.0 = Debug|Win32
		{45513A45-EF4D-4CDB-B304-4DA7BD82220F}.DebugStaticCRT|Win32.ActiveCfg = Debug|Win32
		{45513A45-EF4D-4CDB-B304-4DA7BD82220F}.DebugStaticCRT|Win32.Build.0 = Debug|Win32
		{45513A45-EF4D-4CDB-B304-4DA7BD82220F}.Release|Win32.ActiveCfg = Release|Win32
		{45513A45-EF4D-4CDB-B304-4DA7BD82220F}.Release|Win32.Build.0 = Release|Win32
		{45513A45-EF4D-4CDB-B304-4DA7BD82220F}.ReleaseStaticCRT|Win32.ActiveCfg = Release|Win32
		{45513A45-EF4D-4CDB-B304-4DA7BD82220F}.ReleaseStaticCRT|Win32.Build.0 = Release|Win32
		{19C29662-B900-4EA8-9943-3871B193104E}.Debug|Win32.ActiveCfg = Debug|Win32
		{19C29662-B900-4EA8-9943-3871B193104E}.Debug|Win32.Build.0 = Debug|Win32
		{19C29662-B900-4EA8-9943-3871B193104E}.DebugStaticCRT|Win32.ActiveCfg = Debug|Win32
		{19C29662-B900-4EA8-9943-3871B193104E}.DebugStaticCRT|Win32.Build.0 = Debug|Win32
		{19C29662-B900-4EA8-9943-3871B193104E}.Release|Win32.ActiveCfg = Release|Win32
		{19C29662-B900-4EA8-9943-3871B193104E}.Release|Win32.Build.0 = Release|Win32
		{19C29662-B900-4EA8-9943-3871B193104E}.ReleaseStaticCRT|Win32.ActiveCfg = Release|Win32
		{19C29662-B900-4EA8-9943-3871B193104E}.ReleaseStaticCRT|Win32.Build.0 = Release|Win32
		{1403EC7D-02DE-4381-97DD-4F291E5C7390}.Debug|Win32.ActiveCfg = Debug|Win32
		{1403EC7D-02DE-4381-97DD-4F291E5C7390}.Debug|Win32.Build.0 = Debug|Win32
		{1403EC7D-02DE-4381-97DD-4F291E5C7390}.DebugStaticCRT|Win32.ActiveCfg = Debug|Win32
		{1403EC7D-02DE-4381-97DD-4F291E5C7390}.DebugStaticCRT|Win32.Build.0 = Debug|Win32
		{1403EC7D-02DE-4381-97DD-4F291E5C7390}.Release|Win32.ActiveCfg = Release|Win32
		{1403EC7D-02DE-4381-97DD-4F291E5C7390}.Release|Win32.Build.0 = Release|Win32
		{1403EC7D-02DE-4381-97DD-4F291E5C7390}.ReleaseStaticCRT|Win32.ActiveCfg = Release|Win32
		{1403EC7D-02DE-4381-97DD-4F291E5C7390}.ReleaseStaticCRT|Win32.Build.0 = Release|Win32
	EndGlobalSection
	GlobalSection(SolutionProperties) = preSolution
		HideSolutionNode = FALSE
	EndGlobalSection
EndGlobal
