<?xml version="1.0" encoding="utf-8"?>
<Project ToolsVersion="4.0" xmlns="http://schemas.microsoft.com/developer/msbuild/2003">
  <ItemGroup>
    <Filter Include="Source Files">
      <UniqueIdentifier>{4FC737F1-C7A5-4376-A066-2A32D752A2FF}</UniqueIdentifier>
      <Extensions>cpp;c;cc;cxx;def;odl;idl;hpj;bat;asm;asmx</Extensions>
    </Filter>
    <Filter Include="Header Files">
      <UniqueIdentifier>{93995380-89BD-4b04-88EB-625FBE52EBFB}</UniqueIdentifier>
      <Extensions>h;hpp;hxx;hm;inl;inc;xsd</Extensions>
    </Filter>
    <Filter Include="Resource Files">
      <UniqueIdentifier>{67DA6AB6-F800-4c08-8B7A-83BB121AAD01}</UniqueIdentifier>
      <Extensions>rc;ico;cur;bmp;dlg;rc2;rct;bin;rgs;gif;jpg;jpeg;jpe;resx;tiff;tif;png;wav;mfcribbon-ms</Extensions>
    </Filter>
  </ItemGroup>
  <ItemGroup>
    <ClCompile Include="..\..\deps\libgd\gd.c">
      <Filter>Source Files</Filter>
    </ClCompile>
    <ClCompile Include="..\..\deps\libgd\gd_arc_f.c">
      <Filter>Source Files</Filter>
    </ClCompile>
    <ClCompile Include="..\..\deps\libgd\gd_arc_f_buggy.c">
      <Filter>Source Files</Filter>
    </ClCompile>
    <ClCompile Include="..\..\deps\libgd\gd_gd.c">
      <Filter>Source Files</Filter>
    </ClCompile>
    <ClCompile Include="..\..\deps\libgd\gd_gd2.c">
      <Filter>Source Files</Filter>
    </ClCompile>
    <ClCompile Include="..\..\deps\libgd\gd_gif_in.c">
      <Filter>Source Files</Filter>
    </ClCompile>
    <ClCompile Include="..\..\deps\libgd\gd_gif_out.c">
      <Filter>Source Files</Filter>
    </ClCompile>
    <ClCompile Include="..\..\deps\libgd\gd_io.c">
      <Filter>Source Files</Filter>
    </ClCompile>
    <ClCompile Include="..\..\deps\libgd\gd_io_dp.c">
      <Filter>Source Files</Filter>
    </ClCompile>
    <ClCompile Include="..\..\deps\libgd\gd_io_file.c">
      <Filter>Source Files</Filter>
    </ClCompile>
    <ClCompile Include="..\..\deps\libgd\gd_io_ss.c">
      <Filter>Source Files</Filter>
    </ClCompile>
    <ClCompile Include="..\..\deps\libgd\gd_jpeg.c">
      <Filter>Source Files</Filter>
    </ClCompile>
    <ClCompile Include="..\..\deps\libgd\gd_lzw_out.c">
      <Filter>Source Files</Filter>
    </ClCompile>
    <ClCompile Include="..\..\deps\libgd\gd_png.c">
      <Filter>Source Files</Filter>
    </ClCompile>
    <ClCompile Include="..\..\deps\libgd\gd_security.c">
      <Filter>Source Files</Filter>
    </ClCompile>
    <ClCompile Include="..\..\deps\libgd\gd_ss.c">
      <Filter>Source Files</Filter>
    </ClCompile>
    <ClCompile Include="..\..\deps\libgd\gd_topal.c">
      <Filter>Source Files</Filter>
    </ClCompile>
    <ClCompile Include="..\..\deps\libgd\gd_wbmp.c">
      <Filter>Source Files</Filter>
    </ClCompile>
    <ClCompile Include="..\..\deps\libgd\gdcache.c">
      <Filter>Source Files</Filter>
    </ClCompile>
    <ClCompile Include="..\..\deps\libgd\gdfonta.c">
      <Filter>Source Files</Filter>
    </ClCompile>
    <ClCompile Include="..\..\deps\libgd\gdfontg.c">
      <Filter>Source Files</Filter>
    </ClCompile>
    <ClCompile Include="..\..\deps\libgd\gdfontl.c">
      <Filter>Source Files</Filter>
    </ClCompile>
    <ClCompile Include="..\..\deps\libgd\gdfontmb.c">
      <Filter>Source Files</Filter>
    </ClCompile>
    <ClCompile Include="..\..\deps\libgd\gdfonts.c">
      <Filter>Source Files</Filter>
    </ClCompile>
    <ClCompile Include="..\..\deps\libgd\gdfontt.c">
      <Filter>Source Files</Filter>
    </ClCompile>
    <ClCompile Include="..\..\deps\libgd\gdft.c">
      <Filter>Source Files</Filter>
    </ClCompile>
    <ClCompile Include="..\..\deps\libgd\gdfx.c">
      <Filter>Source Files</Filter>
    </ClCompile>
    <ClCompile Include="..\..\deps\libgd\gdhelpers.c">
      <Filter>Source Files</Filter>
    </ClCompile>
    <ClCompile Include="..\..\deps\libgd\gdkanji.c">
      <Filter>Source Files</Filter>
    </ClCompile>
    <ClCompile Include="..\..\deps\libgd\gdtables.c">
      <Filter>Source Files</Filter>
    </ClCompile>
    <ClCompile Include="..\..\deps\libgd\gdttf.c">
      <Filter>Source Files</Filter>
    </ClCompile>
    <ClCompile Include="..\..\deps\libgd\gdxpm.c">
      <Filter>Source Files</Filter>
    </ClCompile>
    <ClCompile Include="..\..\deps\libgd\io.c">
      <Filter>Source Files</Filter>
    </ClCompile>
    <ClCompile Include="..\..\deps\libgd\io_dp.c">
      <Filter>Source Files</Filter>
    </ClCompile>
    <ClCompile Include="..\..\deps\libgd\io_file.c">
      <Filter>Source Files</Filter>
    </ClCompile>
    <ClCompile Include="..\..\deps\libgd\io_ss.c">
      <Filter>Source Files</Filter>
    </ClCompile>
    <ClCompile Include="..\..\deps\libgd\mtables.c">
      <Filter>Source Files</Filter>
    </ClCompile>
    <ClCompile Include="..\..\deps\libgd\wbmp.c">
      <Filter>Source Files</Filter>
    </ClCompile>
  </ItemGroup>
  <ItemGroup>
    <ClInclude Include="..\..\deps\libgd\entities.h">
      <Filter>Header Files</Filter>
    </ClInclude>
    <ClInclude Include="..\..\deps\libgd\gd.h">
      <Filter>Header Files</Filter>
    </ClInclude>
    <ClInclude Include="..\..\deps\libgd\gd_io.h">
      <Filter>Header Files</Filter>
    </ClInclude>
    <ClInclude Include="..\..\deps\libgd\gdcache.h">
      <Filter>Header Files</Filter>
    </ClInclude>
    <ClInclude Include="..\..\deps\libgd\gdfonta.h">
      <Filter>Header Files</Filter>
    </ClInclude>
    <ClInclude Include="..\..\deps\libgd\gdfontg.h">
      <Filter>Header Files</Filter>
    </ClInclude>
    <ClInclude Include="..\..\deps\libgd\gdfontl.h">
      <Filter>Header Files</Filter>
    </ClInclude>
    <ClInclude Include="..\..\deps\libgd\gdfontmb.h">
      <Filter>Header Files</Filter>
    </ClInclude>
    <ClInclude Include="..\..\deps\libgd\gdfonts.h">
      <Filter>Header Files</Filter>
    </ClInclude>
    <ClInclude Include="..\..\deps\libgd\gdfontt.h">
      <Filter>Header Files</Filter>
    </ClInclude>
    <ClInclude Include="..\..\deps\libgd\gdfx.h">
      <Filter>Header Files</Filter>
    </ClInclude>
    <ClInclude Include="..\..\deps\libgd\gdhelpers.h">
      <Filter>Header Files</Filter>
    </ClInclude>
    <ClInclude Include="..\..\deps\libgd\io.h">
      <Filter>Header Files</Filter>
    </ClInclude>
    <ClInclude Include="..\..\deps\libgd\jisx0208.h">
      <Filter>Header Files</Filter>
    </ClInclude>
    <ClInclude Include="..\..\deps\libgd\wbmp.h">
      <Filter>Header Files</Filter>
    </ClInclude>
  </ItemGroup>
</Project>